
Microsoft Visual Studio Solution File, Format Version 12.00
Project("{FAE04EC0-301F-11D3-BF4B-00C04F79EFBC}") = "Ind4", "Ind4\Ind4.csproj", "{0D90EED4-5CDD-4ED0-A1AF-1D08775F9780}"
EndProject
Project("{FAE04EC0-301F-11D3-BF4B-00C04F79EFBC}") = "Ind4.UnitTests", "Ind4.UnitTests\Ind4.UnitTests.csproj", "{4B681B9F-5144-4845-8E8A-30544E02F48F}"
EndProject
Global
	GlobalSection(SolutionConfigurationPlatforms) = preSolution
		Debug|Any CPU = Debug|Any CPU
		Release|Any CPU = Release|Any CPU
	EndGlobalSection
	GlobalSection(ProjectConfigurationPlatforms) = postSolution
		{0D90EED4-5CDD-4ED0-A1AF-1D08775F9780}.Debug|Any CPU.ActiveCfg = Debug|Any CPU
		{0D90EED4-5CDD-4ED0-A1AF-1D08775F9780}.Debug|Any CPU.Build.0 = Debug|Any CPU
		{0D90EED4-5CDD-4ED0-A1AF-1D08775F9780}.Release|Any CPU.ActiveCfg = Release|Any CPU
		{0D90EED4-5CDD-4ED0-A1AF-1D08775F9780}.Release|Any CPU.Build.0 = Release|Any CPU
		{4B681B9F-5144-4845-8E8A-30544E02F48F}.Debug|Any CPU.ActiveCfg = Debug|Any CPU
		{4B681B9F-5144-4845-8E8A-30544E02F48F}.Debug|Any CPU.Build.0 = Debug|Any CPU
		{4B681B9F-5144-4845-8E8A-30544E02F48F}.Release|Any CPU.ActiveCfg = Release|Any CPU
		{4B681B9F-5144-4845-8E8A-30544E02F48F}.Release|Any CPU.Build.0 = Release|Any CPU
	EndGlobalSection
EndGlobal
