
Microsoft Visual Studio Solution File, Format Version 12.00
Project("{FAE04EC0-301F-11D3-BF4B-00C04F79EFBC}") = "Ind3", "Ind3\Ind3.csproj", "{2C82F96F-70C2-4D4E-B68F-57C83D811E6B}"
EndProject
Global
	GlobalSection(SolutionConfigurationPlatforms) = preSolution
		Debug|Any CPU = Debug|Any CPU
		Release|Any CPU = Release|Any CPU
	EndGlobalSection
	GlobalSection(ProjectConfigurationPlatforms) = postSolution
		{2C82F96F-70C2-4D4E-B68F-57C83D811E6B}.Debug|Any CPU.ActiveCfg = Debug|Any CPU
		{2C82F96F-70C2-4D4E-B68F-57C83D811E6B}.Debug|Any CPU.Build.0 = Debug|Any CPU
		{2C82F96F-70C2-4D4E-B68F-57C83D811E6B}.Release|Any CPU.ActiveCfg = Release|Any CPU
		{2C82F96F-70C2-4D4E-B68F-57C83D811E6B}.Release|Any CPU.Build.0 = Release|Any CPU
	EndGlobalSection
EndGlobal
